<?xml version="1.0" encoding="utf-8"?>
<Project ToolsVersion="4.0" xmlns="http://schemas.microsoft.com/developer/msbuild/2003">
  <ItemGroup>
    <Filter Include="Source Files">
      <UniqueIdentifier>{4FC737F1-C7A5-4376-A066-2A32D752A2FF}</UniqueIdentifier>
      <Extensions>cpp;c;cc;cxx;def;odl;idl;hpj;bat;asm;asmx</Extensions>
    </Filter>
    <Filter Include="Header Files">
      <UniqueIdentifier>{93995380-89BD-4b04-88EB-625FBE52EBFB}</UniqueIdentifier>
      <Extensions>h;hh;hpp;hxx;hm;inl;inc;ipp;xsd</Extensions>
    </Filter>
    <Filter Include="Resource Files">
      <UniqueIdentifier>{67DA6AB6-F800-4c08-8B7A-83BB121AAD01}</UniqueIdentifier>
      <Extensions>rc;ico;cur;bmp;dlg;rc2;rct;bin;rgs;gif;jpg;jpeg;jpe;resx;tiff;tif;png;wav;mfcribbon-ms</Extensions>
    </Filter>
  </ItemGroup>
  <ItemGroup>
    <ClInclude Include="SimplyAUT_MotionController.h">
      <Filter>Header Files</Filter>
    </ClInclude>
    <ClInclude Include="SimplyAUT_MotionControllerDlg.h">
      <Filter>Header Files</Filter>
    </ClInclude>
    <ClInclude Include="framework.h">
      <Filter>Header Files</Filter>
    </ClInclude>
    <ClInclude Include="targetver.h">
      <Filter>Header Files</Filter>
    </ClInclude>
    <ClInclude Include="Resource.h">
      <Filter>Header Files</Filter>
    </ClInclude>
    <ClInclude Include="pch.h">
      <Filter>Header Files</Filter>
    </ClInclude>
    <ClInclude Include="CDialogConnect.h">
      <Filter>Header Files</Filter>
    </ClInclude>
    <ClInclude Include="DialogMotors.h">
      <Filter>Header Files</Filter>
    </ClInclude>
    <ClInclude Include="DialogGirthWeld.h">
      <Filter>Header Files</Filter>
    </ClInclude>
    <ClInclude Include="StaticLaser.h">
      <Filter>Header Files</Filter>
    </ClInclude>
    <ClInclude Include="DialogStatus.h">
      <Filter>Header Files</Filter>
    </ClInclude>
    <ClInclude Include="include\gclib.h">
      <Filter>Header Files</Filter>
    </ClInclude>
    <ClInclude Include="include\gclib_errors.h">
      <Filter>Header Files</Filter>
    </ClInclude>
    <ClInclude Include="include\gclib_record.h">
      <Filter>Header Files</Filter>
    </ClInclude>
    <ClInclude Include="include\gclibo.h">
      <Filter>Header Files</Filter>
    </ClInclude>
    <ClInclude Include="Gclib2.h">
      <Filter>Header Files</Filter>
    </ClInclude>
    <ClInclude Include="MotionControl.h">
      <Filter>Header Files</Filter>
    </ClInclude>
    <ClInclude Include="LaserControl.h">
      <Filter>Header Files</Filter>
    </ClInclude>
    <ClInclude Include="SLS_Comms.h">
      <Filter>Header Files</Filter>
    </ClInclude>
    <ClInclude Include="SLSDef.h">
      <Filter>Header Files</Filter>
    </ClInclude>
    <ClInclude Include="VA_CommonTypes.h">
      <Filter>Header Files</Filter>
    </ClInclude>
    <ClInclude Include="Button.h">
      <Filter>Header Files</Filter>
    </ClInclude>
    <ClInclude Include="MagController.h">
      <Filter>Header Files</Filter>
    </ClInclude>
    <ClInclude Include="DialogLaser.h">
      <Filter>Header Files</Filter>
    </ClInclude>
    <ClInclude Include="DialogMag.h">
      <Filter>Header Files</Filter>
    </ClInclude>
    <ClInclude Include="LaserProfile.h">
      <Filter>Header Files</Filter>
    </ClInclude>
    <ClInclude Include="Misc.h">
      <Filter>Header Files</Filter>
    </ClInclude>
    <ClInclude Include="WeldNavigation.h">
      <Filter>Header Files</Filter>
    </ClInclude>
  </ItemGroup>
  <ItemGroup>
    <ClCompile Include="SimplyAUT_MotionController.cpp">
      <Filter>Source Files</Filter>
    </ClCompile>
    <ClCompile Include="SimplyAUT_MotionControllerDlg.cpp">
      <Filter>Source Files</Filter>
    </ClCompile>
    <ClCompile Include="pch.cpp">
      <Filter>Source Files</Filter>
    </ClCompile>
    <ClCompile Include="CDialogConnect.cpp">
      <Filter>Source Files</Filter>
    </ClCompile>
    <ClCompile Include="DialogMotors.cpp">
      <Filter>Source Files</Filter>
    </ClCompile>
    <ClCompile Include="DialogGirthWeld.cpp">
      <Filter>Source Files</Filter>
    </ClCompile>
    <ClCompile Include="StaticLaser.cpp">
      <Filter>Source Files</Filter>
    </ClCompile>
    <ClCompile Include="DialogStatus.cpp">
      <Filter>Source Files</Filter>
    </ClCompile>
    <ClCompile Include="Gclib2.cpp">
      <Filter>Source Files</Filter>
    </ClCompile>
    <ClCompile Include="MotionControl.cpp">
      <Filter>Source Files</Filter>
    </ClCompile>
    <ClCompile Include="LaserControl.cpp">
      <Filter>Source Files</Filter>
    </ClCompile>
    <ClCompile Include="Button.cpp">
      <Filter>Source Files</Filter>
    </ClCompile>
    <ClCompile Include="MagController.cpp">
      <Filter>Source Files</Filter>
    </ClCompile>
    <ClCompile Include="DialogLaser.cpp">
      <Filter>Source Files</Filter>
    </ClCompile>
    <ClCompile Include="DialogMag.cpp">
      <Filter>Source Files</Filter>
    </ClCompile>
    <ClCompile Include="LaserProfile.cpp">
      <Filter>Source Files</Filter>
    </ClCompile>
    <ClCompile Include="WeldNavigation.cpp">
      <Filter>Source Files</Filter>
    </ClCompile>
    <ClCompile Include="Misc.cpp">
      <Filter>Source Files</Filter>
    </ClCompile>
  </ItemGroup>
  <ItemGroup>
    <ResourceCompile Include="SimplyAUTMotionController.rc">
      <Filter>Resource Files</Filter>
    </ResourceCompile>
  </ItemGroup>
  <ItemGroup>
    <None Include="res\SimplyAUTMotionController.rc2">
      <Filter>Resource Files</Filter>
    </None>
    <None Include="dll\x86\gclib.dll">
      <Filter>Source Files</Filter>
    </None>
    <None Include="dll\x86\gclibo.dll">
      <Filter>Source Files</Filter>
    </None>
    <None Include="SLS_Comms.dll" />
  </ItemGroup>
  <ItemGroup>
    <Image Include="res\SimplyAUT_MotionController.ico">
      <Filter>Resource Files</Filter>
    </Image>
    <Image Include="res\bitmap1.bmp">
      <Filter>Resource Files</Filter>
    </Image>
    <Image Include="res\bitmap_d.bmp">
      <Filter>Resource Files</Filter>
    </Image>
    <Image Include="res\bitmap_c.bmp">
      <Filter>Resource Files</Filter>
    </Image>
    <Image Include="res\bitmap_p.bmp">
      <Filter>Resource Files</Filter>
    </Image>
    <Image Include="res\bitmap_g.bmp">
      <Filter>Resource Files</Filter>
    </Image>
    <Image Include="res\bmp00001.bmp">
      <Filter>Resource Files</Filter>
    </Image>
    <Image Include="res\bitmap_s.bmp">
      <Filter>Resource Files</Filter>
    </Image>
    <Image Include="res\bmp00002.bmp">
      <Filter>Resource Files</Filter>
    </Image>
    <Image Include="res\bitmap_b.bmp">
      <Filter>Resource Files</Filter>
    </Image>
    <Image Include="res\bitmap_l.bmp">
      <Filter>Resource Files</Filter>
    </Image>
    <Image Include="res\bmp00003.bmp">
      <Filter>Resource Files</Filter>
    </Image>
    <Image Include="res\bmp00004.bmp">
      <Filter>Resource Files</Filter>
    </Image>
    <Image Include="res\bmp00005.bmp">
      <Filter>Resource Files</Filter>
    </Image>
  </ItemGroup>
  <ItemGroup>
    <Library Include="lib\dynamic\x86\gclib.lib">
      <Filter>Source Files</Filter>
    </Library>
    <Library Include="lib\dynamic\x86\gclibo.lib">
      <Filter>Source Files</Filter>
    </Library>
    <Library Include="SLS_Comms.lib" />
  </ItemGroup>
</Project>